# This file is automatically @generated by Poetry 1.7.1 and should not be changed by hand.

[[package]]
name = "python-osc"
version = "1.8.3"
description = "Open Sound Control server and client implementations in pure Python"
optional = false
python-versions = ">=3.7"
files = [
    {file = "python-osc-1.8.3.tar.gz", hash = "sha256:a5ce1ba56c8d82df51cb3f2946b5dd33a70522791acc4b8564e62d2b20ad9caa"},
    {file = "python_osc-1.8.3-py3-none-any.whl", hash = "sha256:6fa7e5cf7690057712c26e5f67a747126e6a5f481a40792aad0f25ac3edee815"},
]

[metadata]
lock-version = "2.0"
python-versions = "^3.11"
content-hash = "dcae47ff18be1c8ca6fa7d9c487a98f4c587795e596bbb5567023dccc3566991"
